
Microsoft Visual Studio Solution File, Format Version 12.00
# Visual Studio Version 16
VisualStudioVersion = 16.0.31424.327
MinimumVisualStudioVersion = 10.0.40219.1
Project("{FAE04EC0-301F-11D3-BF4B-00C04F79EFBC}") = "Comida", "Comida\Comida.csproj", "{7B012249-4DE6-4F78-B83D-A548D59BC14B}"
EndProject
Global
	GlobalSection(SolutionConfigurationPlatforms) = preSolution
		Debug|Any CPU = Debug|Any CPU
		Release|Any CPU = Release|Any CPU
	EndGlobalSection
	GlobalSection(ProjectConfigurationPlatforms) = postSolution
		{7B012249-4DE6-4F78-B83D-A548D59BC14B}.Debug|Any CPU.ActiveCfg = Debug|Any CPU
		{7B012249-4DE6-4F78-B83D-A548D59BC14B}.Debug|Any CPU.Build.0 = Debug|Any CPU
		{7B012249-4DE6-4F78-B83D-A548D59BC14B}.Release|Any CPU.ActiveCfg = Release|Any CPU
		{7B012249-4DE6-4F78-B83D-A548D59BC14B}.Release|Any CPU.Build.0 = Release|Any CPU
	EndGlobalSection
	GlobalSection(SolutionProperties) = preSolution
		HideSolutionNode = FALSE
	EndGlobalSection
	GlobalSection(ExtensibilityGlobals) = postSolution
		SolutionGuid = {35CFD07E-7D28-47E9-997E-10D69DA3A3EA}
	EndGlobalSection
EndGlobal
